
Microsoft Visual Studio Solution File, Format Version 12.00
# Visual Studio Version 16
VisualStudioVersion = 16.0.30204.135
MinimumVisualStudioVersion = 10.0.40219.1
Project("{FAE04EC0-301F-11D3-BF4B-00C04F79EFBC}") = "Blazork8s", "Blazork8s\Blazork8s.csproj", "{EB4D72D8-219C-4843-8C9E-527981560FDA}"
EndProject
Global
	GlobalSection(SolutionConfigurationPlatforms) = preSolution
		Debug|Any CPU = Debug|Any CPU
		Release|Any CPU = Release|Any CPU
	EndGlobalSection
	GlobalSection(ProjectConfigurationPlatforms) = postSolution
		{EB4D72D8-219C-4843-8C9E-527981560FDA}.Debug|Any CPU.ActiveCfg = Debug|Any CPU
		{EB4D72D8-219C-4843-8C9E-527981560FDA}.Debug|Any CPU.Build.0 = Debug|Any CPU
		{EB4D72D8-219C-4843-8C9E-527981560FDA}.Release|Any CPU.ActiveCfg = Release|Any CPU
		{EB4D72D8-219C-4843-8C9E-527981560FDA}.Release|Any CPU.Build.0 = Release|Any CPU
	EndGlobalSection
	GlobalSection(SolutionProperties) = preSolution
		HideSolutionNode = FALSE
	EndGlobalSection
	GlobalSection(ExtensibilityGlobals) = postSolution
		SolutionGuid = {BF180F9C-88F0-43FF-8A59-F8B51ABB212B}
	EndGlobalSection
EndGlobal
